
Microsoft Visual Studio Solution File, Format Version 12.00
# Visual Studio Version 17
VisualStudioVersion = 17.8.34525.116
MinimumVisualStudioVersion = 10.0.40219.1
Project("{FAE04EC0-301F-11D3-BF4B-00C04F79EFBC}") = "EjercicioInterfaces", "EjercicioInterfaces\EjercicioInterfaces.csproj", "{A942C017-21B5-4785-9EB4-8917B63AF125}"
EndProject
Global
	GlobalSection(SolutionConfigurationPlatforms) = preSolution
		Debug|Any CPU = Debug|Any CPU
		Release|Any CPU = Release|Any CPU
	EndGlobalSection
	GlobalSection(ProjectConfigurationPlatforms) = postSolution
		{A942C017-21B5-4785-9EB4-8917B63AF125}.Debug|Any CPU.ActiveCfg = Debug|Any CPU
		{A942C017-21B5-4785-9EB4-8917B63AF125}.Debug|Any CPU.Build.0 = Debug|Any CPU
		{A942C017-21B5-4785-9EB4-8917B63AF125}.Release|Any CPU.ActiveCfg = Release|Any CPU
		{A942C017-21B5-4785-9EB4-8917B63AF125}.Release|Any CPU.Build.0 = Release|Any CPU
	EndGlobalSection
	GlobalSection(SolutionProperties) = preSolution
		HideSolutionNode = FALSE
	EndGlobalSection
	GlobalSection(ExtensibilityGlobals) = postSolution
		SolutionGuid = {18DB0A28-04A6-45E4-9CB4-8A37E0B22FF0}
	EndGlobalSection
EndGlobal
